
Microsoft Visual Studio Solution File, Format Version 12.00
# Visual Studio Version 17
VisualStudioVersion = 17.9.34728.123
MinimumVisualStudioVersion = 10.0.40219.1
Project("{9A19103F-16F7-4668-BE54-9A1E7A4F7556}") = "TODO APP", "TODO APP.csproj", "{787852F6-7092-4CE3-AAC5-44AC68463865}"
EndProject
Global
	GlobalSection(SolutionConfigurationPlatforms) = preSolution
		Debug|Any CPU = Debug|Any CPU
		Release|Any CPU = Release|Any CPU
	EndGlobalSection
	GlobalSection(ProjectConfigurationPlatforms) = postSolution
		{787852F6-7092-4CE3-AAC5-44AC68463865}.Debug|Any CPU.ActiveCfg = Debug|Any CPU
		{787852F6-7092-4CE3-AAC5-44AC68463865}.Debug|Any CPU.Build.0 = Debug|Any CPU
		{787852F6-7092-4CE3-AAC5-44AC68463865}.Release|Any CPU.ActiveCfg = Release|Any CPU
		{787852F6-7092-4CE3-AAC5-44AC68463865}.Release|Any CPU.Build.0 = Release|Any CPU
	EndGlobalSection
	GlobalSection(SolutionProperties) = preSolution
		HideSolutionNode = FALSE
	EndGlobalSection
	GlobalSection(ExtensibilityGlobals) = postSolution
		SolutionGuid = {E2389F0E-3F4F-43F5-ACD8-3F764CDE3B36}
	EndGlobalSection
EndGlobal
